
Microsoft Visual Studio Solution File, Format Version 12.00
# Visual Studio Version 17
VisualStudioVersion = 17.11.35222.181
MinimumVisualStudioVersion = 10.0.40219.1
Project("{FAE04EC0-301F-11D3-BF4B-00C04F79EFBC}") = "LibraryManagementAPI", "LibraryManagementAPI\LibraryManagementAPI.csproj", "{AEE4D88F-0F2C-47CD-8A09-DBBF7D38CC48}"
EndProject
Global
	GlobalSection(SolutionConfigurationPlatforms) = preSolution
		Debug|Any CPU = Debug|Any CPU
		Release|Any CPU = Release|Any CPU
	EndGlobalSection
	GlobalSection(ProjectConfigurationPlatforms) = postSolution
		{AEE4D88F-0F2C-47CD-8A09-DBBF7D38CC48}.Debug|Any CPU.ActiveCfg = Debug|Any CPU
		{AEE4D88F-0F2C-47CD-8A09-DBBF7D38CC48}.Debug|Any CPU.Build.0 = Debug|Any CPU
		{AEE4D88F-0F2C-47CD-8A09-DBBF7D38CC48}.Release|Any CPU.ActiveCfg = Release|Any CPU
		{AEE4D88F-0F2C-47CD-8A09-DBBF7D38CC48}.Release|Any CPU.Build.0 = Release|Any CPU
	EndGlobalSection
	GlobalSection(SolutionProperties) = preSolution
		HideSolutionNode = FALSE
	EndGlobalSection
	GlobalSection(ExtensibilityGlobals) = postSolution
		SolutionGuid = {EC94E647-60FF-4A27-B374-DD1B707B694E}
	EndGlobalSection
EndGlobal
